
Microsoft Visual Studio Solution File, Format Version 12.00
# Visual Studio Version 16
VisualStudioVersion = 16.0.29209.62
MinimumVisualStudioVersion = 10.0.40219.1
Project("{FAE04EC0-301F-11D3-BF4B-00C04F79EFBC}") = "VirtualFitnessTrainer.MVC", "VirtualFitnessTrainer.MVC\VirtualFitnessTrainer.MVC.csproj", "{BFE7868B-89A2-4CFF-9707-597EF6980C31}"
EndProject
Project("{FAE04EC0-301F-11D3-BF4B-00C04F79EFBC}") = "VirtualFitnessTrainer.CMD", "VirtualFitnessTrainer.CMD\VirtualFitnessTrainer.CMD.csproj", "{9305D3C8-1B23-4388-A377-3A526AE9E8C5}"
EndProject
Project("{FAE04EC0-301F-11D3-BF4B-00C04F79EFBC}") = "VirtualFitnessTrainer.MVCTests", "VirtualFitnessTrainer.MVCTests\VirtualFitnessTrainer.MVCTests.csproj", "{963E93FB-5C7F-47DE-9E9E-871DA831A449}"
EndProject
Global
	GlobalSection(SolutionConfigurationPlatforms) = preSolution
		Debug|Any CPU = Debug|Any CPU
		Release|Any CPU = Release|Any CPU
	EndGlobalSection
	GlobalSection(ProjectConfigurationPlatforms) = postSolution
		{BFE7868B-89A2-4CFF-9707-597EF6980C31}.Debug|Any CPU.ActiveCfg = Debug|Any CPU
		{BFE7868B-89A2-4CFF-9707-597EF6980C31}.Debug|Any CPU.Build.0 = Debug|Any CPU
		{BFE7868B-89A2-4CFF-9707-597EF6980C31}.Release|Any CPU.ActiveCfg = Release|Any CPU
		{BFE7868B-89A2-4CFF-9707-597EF6980C31}.Release|Any CPU.Build.0 = Release|Any CPU
		{9305D3C8-1B23-4388-A377-3A526AE9E8C5}.Debug|Any CPU.ActiveCfg = Debug|Any CPU
		{9305D3C8-1B23-4388-A377-3A526AE9E8C5}.Debug|Any CPU.Build.0 = Debug|Any CPU
		{9305D3C8-1B23-4388-A377-3A526AE9E8C5}.Release|Any CPU.ActiveCfg = Release|Any CPU
		{9305D3C8-1B23-4388-A377-3A526AE9E8C5}.Release|Any CPU.Build.0 = Release|Any CPU
		{963E93FB-5C7F-47DE-9E9E-871DA831A449}.Debug|Any CPU.ActiveCfg = Debug|Any CPU
		{963E93FB-5C7F-47DE-9E9E-871DA831A449}.Debug|Any CPU.Build.0 = Debug|Any CPU
		{963E93FB-5C7F-47DE-9E9E-871DA831A449}.Release|Any CPU.ActiveCfg = Release|Any CPU
		{963E93FB-5C7F-47DE-9E9E-871DA831A449}.Release|Any CPU.Build.0 = Release|Any CPU
	EndGlobalSection
	GlobalSection(SolutionProperties) = preSolution
		HideSolutionNode = FALSE
	EndGlobalSection
	GlobalSection(ExtensibilityGlobals) = postSolution
		SolutionGuid = {C37BBD7F-6AE9-4069-ABB7-AFC5CC413D85}
	EndGlobalSection
EndGlobal
